<?xml version="1.0" encoding="utf-8"?>
<Project ToolsVersion="4.0" xmlns="http://schemas.microsoft.com/developer/msbuild/2003">
  <ItemGroup>
    <ClCompile Include="complex_In.cpp" />
    <ClCompile Include="complex_Out.cpp" />
    <ClCompile Include="complex_real.cpp" />
    <ClCompile Include="container_Constr.cpp" />
    <ClCompile Include="container_In.cpp" />
    <ClCompile Include="container_Out.cpp" />
    <ClCompile Include="main.cpp" />
    <ClCompile Include="number_In.cpp" />
    <ClCompile Include="polar_In.cpp" />
    <ClCompile Include="polar_Out.cpp" />
    <ClCompile Include="num_In.cpp" />
    <ClCompile Include="num_Out.cpp" />
    <ClCompile Include="simple_In.cpp" />
    <ClCompile Include="simple_Out.cpp" />
    <ClCompile Include="simple_real.cpp" />
    <ClCompile Include="polar_real.cpp" />
  </ItemGroup>
  <ItemGroup>
    <ClInclude Include="complex_atd.h" />
    <ClInclude Include="container_atd.h" />
    <ClInclude Include="number_atd.h" />
    <ClInclude Include="polar_atd.h" />
    <ClInclude Include="simple_atd.h" />
  </ItemGroup>
  <ItemGroup>
    <Text Include="input.txt" />
    <Text Include="output.txt" />
  </ItemGroup>
</Project>